
Microsoft Visual Studio Solution File, Format Version 11.00
# Visual Studio 2010
Project("{FAE04EC0-301F-11D3-BF4B-00C04F79EFBC}") = "Assembly-CSharp-firstpass", "Assembly-CSharp-firstpass.csproj", "{C34A279E-6B9F-D853-6298-77736119498E}"
EndProject
Project("{FAE04EC0-301F-11D3-BF4B-00C04F79EFBC}") = "Assembly-CSharp", "Assembly-CSharp.csproj", "{2C9ED266-1ED3-62D3-C7A8-106F7B13D78B}"
EndProject
Project("{FAE04EC0-301F-11D3-BF4B-00C04F79EFBC}") = "Assembly-CSharp-Editor", "Assembly-CSharp-Editor.csproj", "{15F5654E-DC72-9363-20F5-56C2187C13DD}"
EndProject
Global
	GlobalSection(SolutionConfigurationPlatforms) = preSolution
		Debug|Any CPU = Debug|Any CPU
		Release|Any CPU = Release|Any CPU
	EndGlobalSection
	GlobalSection(ProjectConfigurationPlatforms) = postSolution
		{C34A279E-6B9F-D853-6298-77736119498E}.Debug|Any CPU.ActiveCfg = Debug|Any CPU
		{C34A279E-6B9F-D853-6298-77736119498E}.Debug|Any CPU.Build.0 = Debug|Any CPU
		{C34A279E-6B9F-D853-6298-77736119498E}.Release|Any CPU.ActiveCfg = Release|Any CPU
		{C34A279E-6B9F-D853-6298-77736119498E}.Release|Any CPU.Build.0 = Release|Any CPU
		{2C9ED266-1ED3-62D3-C7A8-106F7B13D78B}.Debug|Any CPU.ActiveCfg = Debug|Any CPU
		{2C9ED266-1ED3-62D3-C7A8-106F7B13D78B}.Debug|Any CPU.Build.0 = Debug|Any CPU
		{2C9ED266-1ED3-62D3-C7A8-106F7B13D78B}.Release|Any CPU.ActiveCfg = Release|Any CPU
		{2C9ED266-1ED3-62D3-C7A8-106F7B13D78B}.Release|Any CPU.Build.0 = Release|Any CPU
		{15F5654E-DC72-9363-20F5-56C2187C13DD}.Debug|Any CPU.ActiveCfg = Debug|Any CPU
		{15F5654E-DC72-9363-20F5-56C2187C13DD}.Debug|Any CPU.Build.0 = Debug|Any CPU
		{15F5654E-DC72-9363-20F5-56C2187C13DD}.Release|Any CPU.ActiveCfg = Release|Any CPU
		{15F5654E-DC72-9363-20F5-56C2187C13DD}.Release|Any CPU.Build.0 = Release|Any CPU
	EndGlobalSection
	GlobalSection(SolutionProperties) = preSolution
		HideSolutionNode = FALSE
	EndGlobalSection
EndGlobal
